
Microsoft Visual Studio Solution File, Format Version 12.00
# Visual Studio Version 17
VisualStudioVersion = 17.12.35707.178
MinimumVisualStudioVersion = 10.0.40219.1
Project("{FAE04EC0-301F-11D3-BF4B-00C04F79EFBC}") = "E-CommerceApplication", "E-CommerceApplication\E-CommerceApplication.csproj", "{E0EB2A1E-D738-446E-9E8C-882BA5A82999}"
EndProject
Project("{FAE04EC0-301F-11D3-BF4B-00C04F79EFBC}") = "E-CommerceApplication.BLL", "E-CommerceApplication.BLL\E-CommerceApplication.BLL.csproj", "{13AEB1DC-360F-4262-BB5C-E88F2699AEBE}"
EndProject
Project("{FAE04EC0-301F-11D3-BF4B-00C04F79EFBC}") = "E-CommerceApplication.DAL", "E-CommerceApplication.DAL\E-CommerceApplication.DAL.csproj", "{840DBE3E-B9A6-4DFA-A51C-D44FB15595C0}"
EndProject
Global
	GlobalSection(SolutionConfigurationPlatforms) = preSolution
		Debug|Any CPU = Debug|Any CPU
		Release|Any CPU = Release|Any CPU
	EndGlobalSection
	GlobalSection(ProjectConfigurationPlatforms) = postSolution
		{E0EB2A1E-D738-446E-9E8C-882BA5A82999}.Debug|Any CPU.ActiveCfg = Debug|Any CPU
		{E0EB2A1E-D738-446E-9E8C-882BA5A82999}.Debug|Any CPU.Build.0 = Debug|Any CPU
		{E0EB2A1E-D738-446E-9E8C-882BA5A82999}.Release|Any CPU.ActiveCfg = Release|Any CPU
		{E0EB2A1E-D738-446E-9E8C-882BA5A82999}.Release|Any CPU.Build.0 = Release|Any CPU
		{13AEB1DC-360F-4262-BB5C-E88F2699AEBE}.Debug|Any CPU.ActiveCfg = Debug|Any CPU
		{13AEB1DC-360F-4262-BB5C-E88F2699AEBE}.Debug|Any CPU.Build.0 = Debug|Any CPU
		{13AEB1DC-360F-4262-BB5C-E88F2699AEBE}.Release|Any CPU.ActiveCfg = Release|Any CPU
		{13AEB1DC-360F-4262-BB5C-E88F2699AEBE}.Release|Any CPU.Build.0 = Release|Any CPU
		{840DBE3E-B9A6-4DFA-A51C-D44FB15595C0}.Debug|Any CPU.ActiveCfg = Debug|Any CPU
		{840DBE3E-B9A6-4DFA-A51C-D44FB15595C0}.Debug|Any CPU.Build.0 = Debug|Any CPU
		{840DBE3E-B9A6-4DFA-A51C-D44FB15595C0}.Release|Any CPU.ActiveCfg = Release|Any CPU
		{840DBE3E-B9A6-4DFA-A51C-D44FB15595C0}.Release|Any CPU.Build.0 = Release|Any CPU
	EndGlobalSection
	GlobalSection(SolutionProperties) = preSolution
		HideSolutionNode = FALSE
	EndGlobalSection
EndGlobal
